{
  "name": "wasm-fast-compress",
  "lockfileVersion": 3,
  "requires": true,
  "packages": {
    "": {
      "devDependencies": {
        "brotli": "^1.3.3",
        "lz4js": "^0.2.0",
        "pako": "^2.1.0",
        "wasm-bindgen-lite": "file:../wasm-bindgen-lite"
      }
    },
    "../wasm-bindgen-lite": {
      "version": "0.3.1",
      "dev": true,
      "license": "MIT",
      "dependencies": {
        "typescript": "^5.9.3"
      },
      "bin": {
        "wasm-bindgen-lite": "bin/wasm-bindgen-lite.js"
      },
      "devDependencies": {
        "@eslint/js": "^9.39.2",
        "base64-js": "^1.5.1",
        "eslint": "^9.39.2",
        "eslint-config-prettier": "^10.1.8",
        "eslint-plugin-prettier": "^5.5.4",
        "globals": "^16.5.0",
        "prettier": "^3.7.4"
      },
      "engines": {
        "node": ">=20.0.0"
      }
    },
    "node_modules/base64-js": {
      "version": "1.5.1",
      "resolved": "https://registry.npmjs.org/base64-js/-/base64-js-1.5.1.tgz",
      "integrity": "sha512-AKpaYlHn8t4SVbOHCy+b5+KKgvR4vrsD8vbvrbiQJps7fKDTkjkDry6ji0rUJjC0kzbNePLwzxq8iypo41qeWA==",
      "dev": true,
      "funding": [
        {
          "type": "github",
          "url": "https://github.com/sponsors/feross"
        },
        {
          "type": "patreon",
          "url": "https://www.patreon.com/feross"
        },
        {
          "type": "consulting",
          "url": "https://feross.org/support"
        }
      ],
      "license": "MIT"
    },
    "node_modules/brotli": {
      "version": "1.3.3",
      "resolved": "https://registry.npmjs.org/brotli/-/brotli-1.3.3.tgz",
      "integrity": "sha512-oTKjJdShmDuGW94SyyaoQvAjf30dZaHnjJ8uAF+u2/vGJkJbJPJAT1gDiOJP5v1Zb6f9KEyW/1HpuaWIXtGHPg==",
      "dev": true,
      "license": "MIT",
      "dependencies": {
        "base64-js": "^1.1.2"
      }
    },
    "node_modules/lz4js": {
      "version": "0.2.0",
      "resolved": "https://registry.npmjs.org/lz4js/-/lz4js-0.2.0.tgz",
      "integrity": "sha512-gY2Ia9Lm7Ep8qMiuGRhvUq0Q7qUereeldZPP1PMEJxPtEWHJLqw9pgX68oHajBH0nzJK4MaZEA/YNV3jT8u8Bg==",
      "dev": true,
      "license": "ISC"
    },
    "node_modules/pako": {
      "version": "2.1.0",
      "resolved": "https://registry.npmjs.org/pako/-/pako-2.1.0.tgz",
      "integrity": "sha512-w+eufiZ1WuJYgPXbV/PO3NCMEc3xqylkKHzp8bxp1uW4qaSNQUkwmLLEc3kKsfz8lpV1F8Ht3U1Cm+9Srog2ug==",
      "dev": true,
      "license": "(MIT AND Zlib)"
    },
    "node_modules/wasm-bindgen-lite": {
      "resolved": "../wasm-bindgen-lite",
      "link": true
    }
  }
}
